// !$*UTF8*$!
{
	archiveVersion = 1;
	classes = {
	};
	objectVersion = 77;
	objects = {

/* Begin PBXBuildFile section */
		011F7F9B74805B13A5511980 /* PDFTextExtractor.swift in Sources */ = {isa = PBXBuildFile; fileRef = 17A2664D8334EA43978AB36E /* PDFTextExtractor.swift */; };
		023CBF7F217833DD43616689 /* OpenAICompatibleClient.swift in Sources */ = {isa = PBXBuildFile; fileRef = 2FFEA8BB15779B79F02BC246 /* OpenAICompatibleClient.swift */; };
		056A686BFF02B6F62976B184 /* GeminiClient.swift in Sources */ = {isa = PBXBuildFile; fileRef = 672DF0CBF6BA7523347EA3B2 /* GeminiClient.swift */; };
		0AD6505473A4DEA02474D422 /* ContentView.swift in Sources */ = {isa = PBXBuildFile; fileRef = 20D2D4943D879BAE44B746EA /* ContentView.swift */; };
		1AAD7B5145E74283A0C02556 /* SystemTagsProvider.swift in Sources */ = {isa = PBXBuildFile; fileRef = F8789F34022E9F86E6FED252 /* SystemTagsProvider.swift */; };
		25922CF438F3053123EDFD60 /* CaptureSession.swift in Sources */ = {isa = PBXBuildFile; fileRef = AA476D0BECB92F4AE6714A78 /* CaptureSession.swift */; };
		261EC31F73FA340514B7B9D9 /* PDFGenerator.swift in Sources */ = {isa = PBXBuildFile; fileRef = F68049A48FDC13B74708EF6F /* PDFGenerator.swift */; };
		27F8387A204C6F91898348FD /* NetworkSession.swift in Sources */ = {isa = PBXBuildFile; fileRef = 3CA72715DACC7832B447737B /* NetworkSession.swift */; };
		371A1C5378BAAC2F31DEB825 /* OCRView.swift in Sources */ = {isa = PBXBuildFile; fileRef = 7AE519DB723DEF9EE690B75F /* OCRView.swift */; };
		3D8E1BF0DB0540FE4D94F124 /* Assets.xcassets in Resources */ = {isa = PBXBuildFile; fileRef = 1336A6A82652DF9748694428 /* Assets.xcassets */; };
		409BF603222531B6FB91A8AC /* CaptureModels.swift in Sources */ = {isa = PBXBuildFile; fileRef = 9B3E42E4C08CDBC05B7F9AFB /* CaptureModels.swift */; };
		683222758ABEE7C1E16B442C /* OCRPrompt.swift in Sources */ = {isa = PBXBuildFile; fileRef = 46B71A5D1C7D45CCB93F7693 /* OCRPrompt.swift */; };
		7618A04F84EAAB11190B0495 /* AnthropicClient.swift in Sources */ = {isa = PBXBuildFile; fileRef = 4BDE5EEEFDB9E67EB66D3E57 /* AnthropicClient.swift */; };
		781E1A90500243A9F9B182F6 /* RotationDetector.swift in Sources */ = {isa = PBXBuildFile; fileRef = 2635DAB9C212C6B88B107E6A /* RotationDetector.swift */; };
		7A1DAF60930B3EFECB9D83D0 /* ZoomableImageView.swift in Sources */ = {isa = PBXBuildFile; fileRef = E824C503170331E2B6B28477 /* ZoomableImageView.swift */; };
		7FD5C6773B4EA10A947EED51 /* USBBridge.swift in Sources */ = {isa = PBXBuildFile; fileRef = BE6A98B62C13E89DA5ED3DDF /* USBBridge.swift */; };
		904533896796EE9945E61E08 /* LLMRotationDetector.swift in Sources */ = {isa = PBXBuildFile; fileRef = 93F615D9D9C926B7805A3ED2 /* LLMRotationDetector.swift */; };
		9B29F513A193C1B2B18BB7FA /* LiveCaptureView.swift in Sources */ = {isa = PBXBuildFile; fileRef = CDB6F995FE1FFDC02771F7DD /* LiveCaptureView.swift */; };
		A09BF69D2DA69F060D9BE29B /* ProviderModels.swift in Sources */ = {isa = PBXBuildFile; fileRef = C17B9EBF69D0ECE117FF2F91 /* ProviderModels.swift */; };
		A31E3D3616F4B92754877B53 /* CollectionSegmenter.swift in Sources */ = {isa = PBXBuildFile; fileRef = 096C0E9D05F40D15835769A6 /* CollectionSegmenter.swift */; };
		A4D72C1B57ABB14958EE7CE6 /* DropReceiver.swift in Sources */ = {isa = PBXBuildFile; fileRef = 3DC9BAB3F789B2A167A323D8 /* DropReceiver.swift */; };
		AB14D2D96483775855E78A70 /* CaptureServer.swift in Sources */ = {isa = PBXBuildFile; fileRef = C98F3B5353A75639380095DE /* CaptureServer.swift */; };
		AFABDCD01FE4C6B96C91A22C /* MacOSTagger.swift in Sources */ = {isa = PBXBuildFile; fileRef = 9155615F54261797E2D35CF1 /* MacOSTagger.swift */; };
		B088540C026FD7F3FDB353D4 /* BatchOCR.swift in Sources */ = {isa = PBXBuildFile; fileRef = 718C8D44AD4281ECFCD22E3D /* BatchOCR.swift */; };
		B0B556E7212824BF8FE1F656 /* MistralClient.swift in Sources */ = {isa = PBXBuildFile; fileRef = 8DE28B3830F33D79C626AECF /* MistralClient.swift */; };
		B3D2909BB5C15A34E2CAE51A /* KeyboardTokenField.swift in Sources */ = {isa = PBXBuildFile; fileRef = 175746529FD50FCD7CCD7AD1 /* KeyboardTokenField.swift */; };
		BDAC142166A91D114B288FAD /* ManualSegmentTagView.swift in Sources */ = {isa = PBXBuildFile; fileRef = E760CA9C9C7D2039579CAD63 /* ManualSegmentTagView.swift */; };
		C626A8A8D3A6113398A46F89 /* ManualTaggingSheet.swift in Sources */ = {isa = PBXBuildFile; fileRef = A662257BABACAA6C78DA8969 /* ManualTaggingSheet.swift */; };
		D728BB0546DE983B28FC4B79 /* ArchiveThumbnail.swift in Sources */ = {isa = PBXBuildFile; fileRef = ABE185CBB6660116E100F055 /* ArchiveThumbnail.swift */; };
		D7B74AB236CE60AAA31EDD18 /* CostEstimator.swift in Sources */ = {isa = PBXBuildFile; fileRef = 37F83CEC4FA203D3AD7F69AB /* CostEstimator.swift */; };
		DD890DCBC5A504BB9690C5A6 /* OCRProcessor.swift in Sources */ = {isa = PBXBuildFile; fileRef = 5718CAD78B58981552C0BBA7 /* OCRProcessor.swift */; };
		DF1D52A81281099B0113D5C0 /* DocumentSegmenter.swift in Sources */ = {isa = PBXBuildFile; fileRef = 04D660DD2F9F10946F864B8E /* DocumentSegmenter.swift */; };
		DFCEE6244993F1623C58C1E2 /* KeychainHelper.swift in Sources */ = {isa = PBXBuildFile; fileRef = 1B26C4CF437E24E4D1F8A8DA /* KeychainHelper.swift */; };
		DFE43A2BA4F3E52D9AA21A81 /* TagGenerator.swift in Sources */ = {isa = PBXBuildFile; fileRef = A90F6E42E4FA19C125CC1A0A /* TagGenerator.swift */; };
		E12D577E4C9F4FD712550CBD /* PDFToImageConverter.swift in Sources */ = {isa = PBXBuildFile; fileRef = AB9599054C424B7CE60EC6C7 /* PDFToImageConverter.swift */; };
		ED6330709937FDD549CF1434 /* ArchiveProcessorApp.swift in Sources */ = {isa = PBXBuildFile; fileRef = FA33D6A6A9E16A449C04DB52 /* ArchiveProcessorApp.swift */; };
		EF52F84BA62DDDEE06B21476 /* ManageModelsView.swift in Sources */ = {isa = PBXBuildFile; fileRef = 2CBF4F0E4A42B295AFC3B793 /* ManageModelsView.swift */; };
		F1D78EE6F5E76BC734023CAB /* TagInputField.swift in Sources */ = {isa = PBXBuildFile; fileRef = 9149C20C69B7A53A3A765C85 /* TagInputField.swift */; };
		FDEB2F33C6D2C03CB0C625D1 /* BoxFolderConfirmSheet.swift in Sources */ = {isa = PBXBuildFile; fileRef = 9476E18160E1111CE717B515 /* BoxFolderConfirmSheet.swift */; };
/* End PBXBuildFile section */

/* Begin PBXFileReference section */
		04D660DD2F9F10946F864B8E /* DocumentSegmenter.swift */ = {isa = PBXFileReference; lastKnownFileType = sourcecode.swift; path = DocumentSegmenter.swift; sourceTree = "<group>"; };
		096C0E9D05F40D15835769A6 /* CollectionSegmenter.swift */ = {isa = PBXFileReference; lastKnownFileType = sourcecode.swift; path = CollectionSegmenter.swift; sourceTree = "<group>"; };
		1336A6A82652DF9748694428 /* Assets.xcassets */ = {isa = PBXFileReference; lastKnownFileType = folder.assetcatalog; path = Assets.xcassets; sourceTree = "<group>"; };
		175746529FD50FCD7CCD7AD1 /* KeyboardTokenField.swift */ = {isa = PBXFileReference; lastKnownFileType = sourcecode.swift; path = KeyboardTokenField.swift; sourceTree = "<group>"; };
		17A2664D8334EA43978AB36E /* PDFTextExtractor.swift */ = {isa = PBXFileReference; lastKnownFileType = sourcecode.swift; path = PDFTextExtractor.swift; sourceTree = "<group>"; };
		184572ECE6767F4FAFAC2066 /* ArchiveProcessor.entitlements */ = {isa = PBXFileReference; lastKnownFileType = text.plist.entitlements; path = ArchiveProcessor.entitlements; sourceTree = "<group>"; };
		1B26C4CF437E24E4D1F8A8DA /* KeychainHelper.swift */ = {isa = PBXFileReference; lastKnownFileType = sourcecode.swift; path = KeychainHelper.swift; sourceTree = "<group>"; };
		20D2D4943D879BAE44B746EA /* ContentView.swift */ = {isa = PBXFileReference; lastKnownFileType = sourcecode.swift; path = ContentView.swift; sourceTree = "<group>"; };
		2635DAB9C212C6B88B107E6A /* RotationDetector.swift */ = {isa = PBXFileReference; lastKnownFileType = sourcecode.swift; path = RotationDetector.swift; sourceTree = "<group>"; };
		2CBF4F0E4A42B295AFC3B793 /* ManageModelsView.swift */ = {isa = PBXFileReference; lastKnownFileType = sourcecode.swift; path = ManageModelsView.swift; sourceTree = "<group>"; };
		2FFEA8BB15779B79F02BC246 /* OpenAICompatibleClient.swift */ = {isa = PBXFileReference; lastKnownFileType = sourcecode.swift; path = OpenAICompatibleClient.swift; sourceTree = "<group>"; };
		3607CA8DA6EC1100187B7035 /* ArchiveProcessor.app */ = {isa = PBXFileReference; explicitFileType = wrapper.application; includeInIndex = 0; path = ArchiveProcessor.app; sourceTree = BUILT_PRODUCTS_DIR; };
		37F83CEC4FA203D3AD7F69AB /* CostEstimator.swift */ = {isa = PBXFileReference; lastKnownFileType = sourcecode.swift; path = CostEstimator.swift; sourceTree = "<group>"; };
		3CA72715DACC7832B447737B /* NetworkSession.swift */ = {isa = PBXFileReference; lastKnownFileType = sourcecode.swift; path = NetworkSession.swift; sourceTree = "<group>"; };
		3DC9BAB3F789B2A167A323D8 /* DropReceiver.swift */ = {isa = PBXFileReference; lastKnownFileType = sourcecode.swift; path = DropReceiver.swift; sourceTree = "<group>"; };
		46B71A5D1C7D45CCB93F7693 /* OCRPrompt.swift */ = {isa = PBXFileReference; lastKnownFileType = sourcecode.swift; path = OCRPrompt.swift; sourceTree = "<group>"; };
		4BDE5EEEFDB9E67EB66D3E57 /* AnthropicClient.swift */ = {isa = PBXFileReference; lastKnownFileType = sourcecode.swift; path = AnthropicClient.swift; sourceTree = "<group>"; };
		5718CAD78B58981552C0BBA7 /* OCRProcessor.swift */ = {isa = PBXFileReference; lastKnownFileType = sourcecode.swift; path = OCRProcessor.swift; sourceTree = "<group>"; };
		672DF0CBF6BA7523347EA3B2 /* GeminiClient.swift */ = {isa = PBXFileReference; lastKnownFileType = sourcecode.swift; path = GeminiClient.swift; sourceTree = "<group>"; };
		718C8D44AD4281ECFCD22E3D /* BatchOCR.swift */ = {isa = PBXFileReference; lastKnownFileType = sourcecode.swift; path = BatchOCR.swift; sourceTree = "<group>"; };
		7AE519DB723DEF9EE690B75F /* OCRView.swift */ = {isa = PBXFileReference; lastKnownFileType = sourcecode.swift; path = OCRView.swift; sourceTree = "<group>"; };
		8972F19AE3CF0DB63D9476B9 /* Info.plist */ = {isa = PBXFileReference; lastKnownFileType = text.plist; path = Info.plist; sourceTree = "<group>"; };
		8DE28B3830F33D79C626AECF /* MistralClient.swift */ = {isa = PBXFileReference; lastKnownFileType = sourcecode.swift; path = MistralClient.swift; sourceTree = "<group>"; };
		9149C20C69B7A53A3A765C85 /* TagInputField.swift */ = {isa = PBXFileReference; lastKnownFileType = sourcecode.swift; path = TagInputField.swift; sourceTree = "<group>"; };
		9155615F54261797E2D35CF1 /* MacOSTagger.swift */ = {isa = PBXFileReference; lastKnownFileType = sourcecode.swift; path = MacOSTagger.swift; sourceTree = "<group>"; };
		93F615D9D9C926B7805A3ED2 /* LLMRotationDetector.swift */ = {isa = PBXFileReference; lastKnownFileType = sourcecode.swift; path = LLMRotationDetector.swift; sourceTree = "<group>"; };
		9476E18160E1111CE717B515 /* BoxFolderConfirmSheet.swift */ = {isa = PBXFileReference; lastKnownFileType = sourcecode.swift; path = BoxFolderConfirmSheet.swift; sourceTree = "<group>"; };
		9B3E42E4C08CDBC05B7F9AFB /* CaptureModels.swift */ = {isa = PBXFileReference; lastKnownFileType = sourcecode.swift; path = CaptureModels.swift; sourceTree = "<group>"; };
		A662257BABACAA6C78DA8969 /* ManualTaggingSheet.swift */ = {isa = PBXFileReference; lastKnownFileType = sourcecode.swift; path = ManualTaggingSheet.swift; sourceTree = "<group>"; };
		A90F6E42E4FA19C125CC1A0A /* TagGenerator.swift */ = {isa = PBXFileReference; lastKnownFileType = sourcecode.swift; path = TagGenerator.swift; sourceTree = "<group>"; };
		AA476D0BECB92F4AE6714A78 /* CaptureSession.swift */ = {isa = PBXFileReference; lastKnownFileType = sourcecode.swift; path = CaptureSession.swift; sourceTree = "<group>"; };
		AB9599054C424B7CE60EC6C7 /* PDFToImageConverter.swift */ = {isa = PBXFileReference; lastKnownFileType = sourcecode.swift; path = PDFToImageConverter.swift; sourceTree = "<group>"; };
		ABE185CBB6660116E100F055 /* ArchiveThumbnail.swift */ = {isa = PBXFileReference; lastKnownFileType = sourcecode.swift; path = ArchiveThumbnail.swift; sourceTree = "<group>"; };
		BE6A98B62C13E89DA5ED3DDF /* USBBridge.swift */ = {isa = PBXFileReference; lastKnownFileType = sourcecode.swift; path = USBBridge.swift; sourceTree = "<group>"; };
		C17B9EBF69D0ECE117FF2F91 /* ProviderModels.swift */ = {isa = PBXFileReference; lastKnownFileType = sourcecode.swift; path = ProviderModels.swift; sourceTree = "<group>"; };
		C98F3B5353A75639380095DE /* CaptureServer.swift */ = {isa = PBXFileReference; lastKnownFileType = sourcecode.swift; path = CaptureServer.swift; sourceTree = "<group>"; };
		CDB6F995FE1FFDC02771F7DD /* LiveCaptureView.swift */ = {isa = PBXFileReference; lastKnownFileType = sourcecode.swift; path = LiveCaptureView.swift; sourceTree = "<group>"; };
		E760CA9C9C7D2039579CAD63 /* ManualSegmentTagView.swift */ = {isa = PBXFileReference; lastKnownFileType = sourcecode.swift; path = ManualSegmentTagView.swift; sourceTree = "<group>"; };
		E824C503170331E2B6B28477 /* ZoomableImageView.swift */ = {isa = PBXFileReference; lastKnownFileType = sourcecode.swift; path = ZoomableImageView.swift; sourceTree = "<group>"; };
		F68049A48FDC13B74708EF6F /* PDFGenerator.swift */ = {isa = PBXFileReference; lastKnownFileType = sourcecode.swift; path = PDFGenerator.swift; sourceTree = "<group>"; };
		F8789F34022E9F86E6FED252 /* SystemTagsProvider.swift */ = {isa = PBXFileReference; lastKnownFileType = sourcecode.swift; path = SystemTagsProvider.swift; sourceTree = "<group>"; };
		FA33D6A6A9E16A449C04DB52 /* ArchiveProcessorApp.swift */ = {isa = PBXFileReference; lastKnownFileType = sourcecode.swift; path = ArchiveProcessorApp.swift; sourceTree = "<group>"; };
/* End PBXFileReference section */

/* Begin PBXGroup section */
		14CC95D70809C41B91CE57F4 /* ArchiveProcessor */ = {
			isa = PBXGroup;
			children = (
				184572ECE6767F4FAFAC2066 /* ArchiveProcessor.entitlements */,
				FA33D6A6A9E16A449C04DB52 /* ArchiveProcessorApp.swift */,
				1336A6A82652DF9748694428 /* Assets.xcassets */,
				20D2D4943D879BAE44B746EA /* ContentView.swift */,
				8972F19AE3CF0DB63D9476B9 /* Info.plist */,
				AC798B49B41A823B04A8850E /* Capture */,
				906D7D97CF2BAFE3327EAFFE /* Models */,
				37DAC7478A04E0287C2C6FE9 /* Net */,
				BC059211113CF702628DDCF5 /* OCR */,
				AFED9B9334DB164AF3CEE805 /* Tagging */,
				7660213368FAA56B83C9C4EF /* Tests */,
				8A2E183BD2B171C9EC85C55E /* Views */,
			);
			name = ArchiveProcessor;
			path = Sources/ArchiveProcessor;
			sourceTree = "<group>";
		};
		37DAC7478A04E0287C2C6FE9 /* Net */ = {
			isa = PBXGroup;
			children = (
				C98F3B5353A75639380095DE /* CaptureServer.swift */,
				BE6A98B62C13E89DA5ED3DDF /* USBBridge.swift */,
			);
			path = Net;
			sourceTree = "<group>";
		};
		7660213368FAA56B83C9C4EF /* Tests */ = {
			isa = PBXGroup;
			children = (
			);
			path = Tests;
			sourceTree = "<group>";
		};
		8A2E183BD2B171C9EC85C55E /* Views */ = {
			isa = PBXGroup;
			children = (
				ABE185CBB6660116E100F055 /* ArchiveThumbnail.swift */,
				9476E18160E1111CE717B515 /* BoxFolderConfirmSheet.swift */,
				3DC9BAB3F789B2A167A323D8 /* DropReceiver.swift */,
				175746529FD50FCD7CCD7AD1 /* KeyboardTokenField.swift */,
				CDB6F995FE1FFDC02771F7DD /* LiveCaptureView.swift */,
				2CBF4F0E4A42B295AFC3B793 /* ManageModelsView.swift */,
				E760CA9C9C7D2039579CAD63 /* ManualSegmentTagView.swift */,
				A662257BABACAA6C78DA8969 /* ManualTaggingSheet.swift */,
				7AE519DB723DEF9EE690B75F /* OCRView.swift */,
				9149C20C69B7A53A3A765C85 /* TagInputField.swift */,
				E824C503170331E2B6B28477 /* ZoomableImageView.swift */,
			);
			path = Views;
			sourceTree = "<group>";
		};
		906D7D97CF2BAFE3327EAFFE /* Models */ = {
			isa = PBXGroup;
			children = (
				37F83CEC4FA203D3AD7F69AB /* CostEstimator.swift */,
				1B26C4CF437E24E4D1F8A8DA /* KeychainHelper.swift */,
				C17B9EBF69D0ECE117FF2F91 /* ProviderModels.swift */,
			);
			path = Models;
			sourceTree = "<group>";
		};
		AC798B49B41A823B04A8850E /* Capture */ = {
			isa = PBXGroup;
			children = (
				9B3E42E4C08CDBC05B7F9AFB /* CaptureModels.swift */,
				AA476D0BECB92F4AE6714A78 /* CaptureSession.swift */,
			);
			path = Capture;
			sourceTree = "<group>";
		};
		AFED9B9334DB164AF3CEE805 /* Tagging */ = {
			isa = PBXGroup;
			children = (
				096C0E9D05F40D15835769A6 /* CollectionSegmenter.swift */,
				04D660DD2F9F10946F864B8E /* DocumentSegmenter.swift */,
				9155615F54261797E2D35CF1 /* MacOSTagger.swift */,
				F8789F34022E9F86E6FED252 /* SystemTagsProvider.swift */,
				A90F6E42E4FA19C125CC1A0A /* TagGenerator.swift */,
			);
			path = Tagging;
			sourceTree = "<group>";
		};
		BC059211113CF702628DDCF5 /* OCR */ = {
			isa = PBXGroup;
			children = (
				4BDE5EEEFDB9E67EB66D3E57 /* AnthropicClient.swift */,
				718C8D44AD4281ECFCD22E3D /* BatchOCR.swift */,
				672DF0CBF6BA7523347EA3B2 /* GeminiClient.swift */,
				93F615D9D9C926B7805A3ED2 /* LLMRotationDetector.swift */,
				8DE28B3830F33D79C626AECF /* MistralClient.swift */,
				3CA72715DACC7832B447737B /* NetworkSession.swift */,
				5718CAD78B58981552C0BBA7 /* OCRProcessor.swift */,
				46B71A5D1C7D45CCB93F7693 /* OCRPrompt.swift */,
				2FFEA8BB15779B79F02BC246 /* OpenAICompatibleClient.swift */,
				F68049A48FDC13B74708EF6F /* PDFGenerator.swift */,
				17A2664D8334EA43978AB36E /* PDFTextExtractor.swift */,
				AB9599054C424B7CE60EC6C7 /* PDFToImageConverter.swift */,
				2635DAB9C212C6B88B107E6A /* RotationDetector.swift */,
			);
			path = OCR;
			sourceTree = "<group>";
		};
		DF766A7500EC28C8CF30FC8A /* Products */ = {
			isa = PBXGroup;
			children = (
				3607CA8DA6EC1100187B7035 /* ArchiveProcessor.app */,
			);
			name = Products;
			sourceTree = "<group>";
		};
		F87B1C3F6C18AD17F3F8A651 = {
			isa = PBXGroup;
			children = (
				14CC95D70809C41B91CE57F4 /* ArchiveProcessor */,
				DF766A7500EC28C8CF30FC8A /* Products */,
			);
			sourceTree = "<group>";
		};
/* End PBXGroup section */

/* Begin PBXNativeTarget section */
		AE4B35F197C338F1171D70A6 /* ArchiveProcessor */ = {
			isa = PBXNativeTarget;
			buildConfigurationList = 3B0572F1087F131A3034BCE8 /* Build configuration list for PBXNativeTarget "ArchiveProcessor" */;
			buildPhases = (
				121EC818BA594ADBD18E3A15 /* Sources */,
				2A6B10FCACA408B58FAD8563 /* Resources */,
			);
			buildRules = (
			);
			dependencies = (
			);
			name = ArchiveProcessor;
			packageProductDependencies = (
			);
			productName = ArchiveProcessor;
			productReference = 3607CA8DA6EC1100187B7035 /* ArchiveProcessor.app */;
			productType = "com.apple.product-type.application";
		};
/* End PBXNativeTarget section */

/* Begin PBXProject section */
		771F14A61929AC36DA7863FD /* Project object */ = {
			isa = PBXProject;
			attributes = {
				BuildIndependentTargetsInParallel = YES;
				LastUpgradeCheck = 1600;
				TargetAttributes = {
				};
			};
			buildConfigurationList = A6C490DB402808F35347D09E /* Build configuration list for PBXProject "ArchiveProcessor" */;
			developmentRegion = en;
			hasScannedForEncodings = 0;
			knownRegions = (
				Base,
				en,
			);
			mainGroup = F87B1C3F6C18AD17F3F8A651;
			minimizedProjectReferenceProxies = 1;
			preferredProjectObjectVersion = 77;
			productRefGroup = DF766A7500EC28C8CF30FC8A /* Products */;
			projectDirPath = "";
			projectRoot = "";
			targets = (
				AE4B35F197C338F1171D70A6 /* ArchiveProcessor */,
			);
		};
/* End PBXProject section */

/* Begin PBXResourcesBuildPhase section */
		2A6B10FCACA408B58FAD8563 /* Resources */ = {
			isa = PBXResourcesBuildPhase;
			buildActionMask = 2147483647;
			files = (
				3D8E1BF0DB0540FE4D94F124 /* Assets.xcassets in Resources */,
			);
			runOnlyForDeploymentPostprocessing = 0;
		};
/* End PBXResourcesBuildPhase section */

/* Begin PBXSourcesBuildPhase section */
		121EC818BA594ADBD18E3A15 /* Sources */ = {
			isa = PBXSourcesBuildPhase;
			buildActionMask = 2147483647;
			files = (
				7618A04F84EAAB11190B0495 /* AnthropicClient.swift in Sources */,
				ED6330709937FDD549CF1434 /* ArchiveProcessorApp.swift in Sources */,
				D728BB0546DE983B28FC4B79 /* ArchiveThumbnail.swift in Sources */,
				B088540C026FD7F3FDB353D4 /* BatchOCR.swift in Sources */,
				FDEB2F33C6D2C03CB0C625D1 /* BoxFolderConfirmSheet.swift in Sources */,
				409BF603222531B6FB91A8AC /* CaptureModels.swift in Sources */,
				AB14D2D96483775855E78A70 /* CaptureServer.swift in Sources */,
				25922CF438F3053123EDFD60 /* CaptureSession.swift in Sources */,
				A31E3D3616F4B92754877B53 /* CollectionSegmenter.swift in Sources */,
				0AD6505473A4DEA02474D422 /* ContentView.swift in Sources */,
				D7B74AB236CE60AAA31EDD18 /* CostEstimator.swift in Sources */,
				DF1D52A81281099B0113D5C0 /* DocumentSegmenter.swift in Sources */,
				A4D72C1B57ABB14958EE7CE6 /* DropReceiver.swift in Sources */,
				056A686BFF02B6F62976B184 /* GeminiClient.swift in Sources */,
				B3D2909BB5C15A34E2CAE51A /* KeyboardTokenField.swift in Sources */,
				DFCEE6244993F1623C58C1E2 /* KeychainHelper.swift in Sources */,
				904533896796EE9945E61E08 /* LLMRotationDetector.swift in Sources */,
				9B29F513A193C1B2B18BB7FA /* LiveCaptureView.swift in Sources */,
				AFABDCD01FE4C6B96C91A22C /* MacOSTagger.swift in Sources */,
				EF52F84BA62DDDEE06B21476 /* ManageModelsView.swift in Sources */,
				BDAC142166A91D114B288FAD /* ManualSegmentTagView.swift in Sources */,
				C626A8A8D3A6113398A46F89 /* ManualTaggingSheet.swift in Sources */,
				B0B556E7212824BF8FE1F656 /* MistralClient.swift in Sources */,
				27F8387A204C6F91898348FD /* NetworkSession.swift in Sources */,
				DD890DCBC5A504BB9690C5A6 /* OCRProcessor.swift in Sources */,
				683222758ABEE7C1E16B442C /* OCRPrompt.swift in Sources */,
				371A1C5378BAAC2F31DEB825 /* OCRView.swift in Sources */,
				023CBF7F217833DD43616689 /* OpenAICompatibleClient.swift in Sources */,
				261EC31F73FA340514B7B9D9 /* PDFGenerator.swift in Sources */,
				011F7F9B74805B13A5511980 /* PDFTextExtractor.swift in Sources */,
				E12D577E4C9F4FD712550CBD /* PDFToImageConverter.swift in Sources */,
				A09BF69D2DA69F060D9BE29B /* ProviderModels.swift in Sources */,
				781E1A90500243A9F9B182F6 /* RotationDetector.swift in Sources */,
				1AAD7B5145E74283A0C02556 /* SystemTagsProvider.swift in Sources */,
				DFE43A2BA4F3E52D9AA21A81 /* TagGenerator.swift in Sources */,
				F1D78EE6F5E76BC734023CAB /* TagInputField.swift in Sources */,
				7FD5C6773B4EA10A947EED51 /* USBBridge.swift in Sources */,
				7A1DAF60930B3EFECB9D83D0 /* ZoomableImageView.swift in Sources */,
			);
			runOnlyForDeploymentPostprocessing = 0;
		};
/* End PBXSourcesBuildPhase section */

/* Begin XCBuildConfiguration section */
		1CB903CF2F99AF4821ACAB90 /* Release */ = {
			isa = XCBuildConfiguration;
			buildSettings = {
				ALWAYS_SEARCH_USER_PATHS = NO;
				CLANG_ANALYZER_NONNULL = YES;
				CLANG_ANALYZER_NUMBER_OBJECT_CONVERSION = YES_AGGRESSIVE;
				CLANG_CXX_LANGUAGE_STANDARD = "gnu++14";
				CLANG_CXX_LIBRARY = "libc++";
				CLANG_ENABLE_MODULES = YES;
				CLANG_ENABLE_OBJC_ARC = YES;
				CLANG_ENABLE_OBJC_WEAK = YES;
				CLANG_WARN_BLOCK_CAPTURE_AUTORELEASING = YES;
				CLANG_WARN_BOOL_CONVERSION = YES;
				CLANG_WARN_COMMA = YES;
				CLANG_WARN_CONSTANT_CONVERSION = YES;
				CLANG_WARN_DEPRECATED_OBJC_IMPLEMENTATIONS = YES;
				CLANG_WARN_DIRECT_OBJC_ISA_USAGE = YES_ERROR;
				CLANG_WARN_DOCUMENTATION_COMMENTS = YES;
				CLANG_WARN_EMPTY_BODY = YES;
				CLANG_WARN_ENUM_CONVERSION = YES;
				CLANG_WARN_INFINITE_RECURSION = YES;
				CLANG_WARN_INT_CONVERSION = YES;
				CLANG_WARN_NON_LITERAL_NULL_CONVERSION = YES;
				CLANG_WARN_OBJC_IMPLICIT_RETAIN_SELF = YES;
				CLANG_WARN_OBJC_LITERAL_CONVERSION = YES;
				CLANG_WARN_OBJC_ROOT_CLASS = YES_ERROR;
				CLANG_WARN_QUOTED_INCLUDE_IN_FRAMEWORK_HEADER = YES;
				CLANG_WARN_RANGE_LOOP_ANALYSIS = YES;
				CLANG_WARN_STRICT_PROTOTYPES = YES;
				CLANG_WARN_SUSPICIOUS_MOVE = YES;
				CLANG_WARN_UNGUARDED_AVAILABILITY = YES_AGGRESSIVE;
				CLANG_WARN_UNREACHABLE_CODE = YES;
				CLANG_WARN__DUPLICATE_METHOD_MATCH = YES;
				COPY_PHASE_STRIP = NO;
				DEBUG_INFORMATION_FORMAT = "dwarf-with-dsym";
				ENABLE_HARDENED_RUNTIME = YES;
				ENABLE_NS_ASSERTIONS = NO;
				ENABLE_STRICT_OBJC_MSGSEND = YES;
				GCC_C_LANGUAGE_STANDARD = gnu11;
				GCC_NO_COMMON_BLOCKS = YES;
				GCC_WARN_64_TO_32_BIT_CONVERSION = YES;
				GCC_WARN_ABOUT_RETURN_TYPE = YES_ERROR;
				GCC_WARN_UNDECLARED_SELECTOR = YES;
				GCC_WARN_UNINITIALIZED_AUTOS = YES_AGGRESSIVE;
				GCC_WARN_UNUSED_FUNCTION = YES;
				GCC_WARN_UNUSED_VARIABLE = YES;
				MACOSX_DEPLOYMENT_TARGET = 14.0;
				MTL_ENABLE_DEBUG_INFO = NO;
				MTL_FAST_MATH = YES;
				PRODUCT_NAME = "$(TARGET_NAME)";
				SDKROOT = macosx;
				SWIFT_COMPILATION_MODE = wholemodule;
				SWIFT_OPTIMIZATION_LEVEL = "-O";
				SWIFT_VERSION = 6.0;
			};
			name = Release;
		};
		3194AC2D46FF3CCE207968DB /* Debug */ = {
			isa = XCBuildConfiguration;
			buildSettings = {
				ALWAYS_SEARCH_USER_PATHS = NO;
				CLANG_ANALYZER_NONNULL = YES;
				CLANG_ANALYZER_NUMBER_OBJECT_CONVERSION = YES_AGGRESSIVE;
				CLANG_CXX_LANGUAGE_STANDARD = "gnu++14";
				CLANG_CXX_LIBRARY = "libc++";
				CLANG_ENABLE_MODULES = YES;
				CLANG_ENABLE_OBJC_ARC = YES;
				CLANG_ENABLE_OBJC_WEAK = YES;
				CLANG_WARN_BLOCK_CAPTURE_AUTORELEASING = YES;
				CLANG_WARN_BOOL_CONVERSION = YES;
				CLANG_WARN_COMMA = YES;
				CLANG_WARN_CONSTANT_CONVERSION = YES;
				CLANG_WARN_DEPRECATED_OBJC_IMPLEMENTATIONS = YES;
				CLANG_WARN_DIRECT_OBJC_ISA_USAGE = YES_ERROR;
				CLANG_WARN_DOCUMENTATION_COMMENTS = YES;
				CLANG_WARN_EMPTY_BODY = YES;
				CLANG_WARN_ENUM_CONVERSION = YES;
				CLANG_WARN_INFINITE_RECURSION = YES;
				CLANG_WARN_INT_CONVERSION = YES;
				CLANG_WARN_NON_LITERAL_NULL_CONVERSION = YES;
				CLANG_WARN_OBJC_IMPLICIT_RETAIN_SELF = YES;
				CLANG_WARN_OBJC_LITERAL_CONVERSION = YES;
				CLANG_WARN_OBJC_ROOT_CLASS = YES_ERROR;
				CLANG_WARN_QUOTED_INCLUDE_IN_FRAMEWORK_HEADER = YES;
				CLANG_WARN_RANGE_LOOP_ANALYSIS = YES;
				CLANG_WARN_STRICT_PROTOTYPES = YES;
				CLANG_WARN_SUSPICIOUS_MOVE = YES;
				CLANG_WARN_UNGUARDED_AVAILABILITY = YES_AGGRESSIVE;
				CLANG_WARN_UNREACHABLE_CODE = YES;
				CLANG_WARN__DUPLICATE_METHOD_MATCH = YES;
				COPY_PHASE_STRIP = NO;
				DEBUG_INFORMATION_FORMAT = dwarf;
				ENABLE_HARDENED_RUNTIME = YES;
				ENABLE_STRICT_OBJC_MSGSEND = YES;
				ENABLE_TESTABILITY = YES;
				GCC_C_LANGUAGE_STANDARD = gnu11;
				GCC_DYNAMIC_NO_PIC = NO;
				GCC_NO_COMMON_BLOCKS = YES;
				GCC_OPTIMIZATION_LEVEL = 0;
				GCC_PREPROCESSOR_DEFINITIONS = (
					"$(inherited)",
					"DEBUG=1",
				);
				GCC_WARN_64_TO_32_BIT_CONVERSION = YES;
				GCC_WARN_ABOUT_RETURN_TYPE = YES_ERROR;
				GCC_WARN_UNDECLARED_SELECTOR = YES;
				GCC_WARN_UNINITIALIZED_AUTOS = YES_AGGRESSIVE;
				GCC_WARN_UNUSED_FUNCTION = YES;
				GCC_WARN_UNUSED_VARIABLE = YES;
				MACOSX_DEPLOYMENT_TARGET = 14.0;
				MTL_ENABLE_DEBUG_INFO = INCLUDE_SOURCE;
				MTL_FAST_MATH = YES;
				ONLY_ACTIVE_ARCH = YES;
				PRODUCT_NAME = "$(TARGET_NAME)";
				SDKROOT = macosx;
				SWIFT_ACTIVE_COMPILATION_CONDITIONS = DEBUG;
				SWIFT_OPTIMIZATION_LEVEL = "-Onone";
				SWIFT_VERSION = 6.0;
			};
			name = Debug;
		};
		A40A193926E9F12F695B456C /* Debug */ = {
			isa = XCBuildConfiguration;
			buildSettings = {
				ASSETCATALOG_COMPILER_APPICON_NAME = AppIcon;
				CODE_SIGNING_REQUIRED = NO;
				CODE_SIGN_ENTITLEMENTS = Sources/ArchiveProcessor/ArchiveProcessor.entitlements;
				CODE_SIGN_IDENTITY = "-";
				COMBINE_HIDPI_IMAGES = YES;
				INFOPLIST_FILE = Sources/ArchiveProcessor/Info.plist;
				LD_RUNPATH_SEARCH_PATHS = (
					"$(inherited)",
					"@executable_path/../Frameworks",
				);
				PRODUCT_BUNDLE_IDENTIFIER = com.archiveprocessor.app;
				SDKROOT = macosx;
				SWIFT_VERSION = 6.0;
			};
			name = Debug;
		};
		B3CC3FFB7E24A440178821B4 /* Release */ = {
			isa = XCBuildConfiguration;
			buildSettings = {
				ASSETCATALOG_COMPILER_APPICON_NAME = AppIcon;
				CODE_SIGNING_REQUIRED = NO;
				CODE_SIGN_ENTITLEMENTS = Sources/ArchiveProcessor/ArchiveProcessor.entitlements;
				CODE_SIGN_IDENTITY = "-";
				COMBINE_HIDPI_IMAGES = YES;
				INFOPLIST_FILE = Sources/ArchiveProcessor/Info.plist;
				LD_RUNPATH_SEARCH_PATHS = (
					"$(inherited)",
					"@executable_path/../Frameworks",
				);
				PRODUCT_BUNDLE_IDENTIFIER = com.archiveprocessor.app;
				SDKROOT = macosx;
				SWIFT_VERSION = 6.0;
			};
			name = Release;
		};
/* End XCBuildConfiguration section */

/* Begin XCConfigurationList section */
		3B0572F1087F131A3034BCE8 /* Build configuration list for PBXNativeTarget "ArchiveProcessor" */ = {
			isa = XCConfigurationList;
			buildConfigurations = (
				A40A193926E9F12F695B456C /* Debug */,
				B3CC3FFB7E24A440178821B4 /* Release */,
			);
			defaultConfigurationIsVisible = 0;
			defaultConfigurationName = Debug;
		};
		A6C490DB402808F35347D09E /* Build configuration list for PBXProject "ArchiveProcessor" */ = {
			isa = XCConfigurationList;
			buildConfigurations = (
				3194AC2D46FF3CCE207968DB /* Debug */,
				1CB903CF2F99AF4821ACAB90 /* Release */,
			);
			defaultConfigurationIsVisible = 0;
			defaultConfigurationName = Debug;
		};
/* End XCConfigurationList section */
	};
	rootObject = 771F14A61929AC36DA7863FD /* Project object */;
}
